
Microsoft Visual Studio Solution File, Format Version 12.00
# Visual Studio Version 16
VisualStudioVersion = 16.0.32510.428
MinimumVisualStudioVersion = 10.0.40219.1
Project("{FAE04EC0-301F-11D3-BF4B-00C04F79EFBC}") = "TestDapper", "TestDapper\TestDapper.csproj", "{4B7B0F34-EEB6-48EB-B8AA-03260FA15EF7}"
EndProject
Global
	GlobalSection(SolutionConfigurationPlatforms) = preSolution
		Debug|Any CPU = Debug|Any CPU
		Release|Any CPU = Release|Any CPU
	EndGlobalSection
	GlobalSection(ProjectConfigurationPlatforms) = postSolution
		{4B7B0F34-EEB6-48EB-B8AA-03260FA15EF7}.Debug|Any CPU.ActiveCfg = Debug|Any CPU
		{4B7B0F34-EEB6-48EB-B8AA-03260FA15EF7}.Debug|Any CPU.Build.0 = Debug|Any CPU
		{4B7B0F34-EEB6-48EB-B8AA-03260FA15EF7}.Release|Any CPU.ActiveCfg = Release|Any CPU
		{4B7B0F34-EEB6-48EB-B8AA-03260FA15EF7}.Release|Any CPU.Build.0 = Release|Any CPU
	EndGlobalSection
	GlobalSection(SolutionProperties) = preSolution
		HideSolutionNode = FALSE
	EndGlobalSection
	GlobalSection(ExtensibilityGlobals) = postSolution
		SolutionGuid = {CB39DAE1-1C26-435C-98BD-D1E280EDF035}
	EndGlobalSection
EndGlobal
